
Microsoft Visual Studio Solution File, Format Version 12.00
Project("{2150E333-8FDC-42A3-9474-1A3956D46DE8}") = "Services", "Services", "{88CA5F96-C75D-4B37-BE79-8A504B16C7F5}"
EndProject
Project("{2150E333-8FDC-42A3-9474-1A3956D46DE8}") = "Catalog", "Catalog", "{AC6524E3-C54B-448F-B3D2-D79B490A73F5}"
EndProject
Project("{FAE04EC0-301F-11D3-BF4B-00C04F79EFBC}") = "Catalog.API", "src\Services\Catalog\Catalog.API\Catalog.API.csproj", "{243EB7A7-0FA7-4C56-AD10-FB32B3591E71}"
EndProject
Project("{2150E333-8FDC-42A3-9474-1A3956D46DE8}") = "Solution Items", "Solution Items", "{1D27B632-EF2A-48F3-BA3B-3573B1A68007}"
	ProjectSection(SolutionItems) = preProject
		docker-compose.override.yaml = docker-compose.override.yaml
		docker-compose.dcproj = docker-compose.dcproj
		docker-compose.yaml = docker-compose.yaml
	EndProjectSection
EndProject
Project("{2150E333-8FDC-42A3-9474-1A3956D46DE8}") = "BuildingBlocks", "BuildingBlocks", "{C29425A4-2BCC-44AF-A779-C2C9415A7432}"
EndProject
Project("{FAE04EC0-301F-11D3-BF4B-00C04F79EFBC}") = "BuildingBlocks", "BuildingBlocks\BuildingBlocks.csproj", "{C70FA34D-BEA8-47B0-81DF-D35649B71E1D}"
EndProject
Project("{2150E333-8FDC-42A3-9474-1A3956D46DE8}") = "Basket", "Basket", "{8A55AFC5-7F63-4DF1-840E-6C1443A6D8B9}"
EndProject
Project("{FAE04EC0-301F-11D3-BF4B-00C04F79EFBC}") = "Basket.API", "src\Services\Basket\Basket.API\Basket.API.csproj", "{DF851C56-6C24-4691-B738-53CBED7D3FD5}"
EndProject
Project("{2150E333-8FDC-42A3-9474-1A3956D46DE8}") = "Discount", "Discount", "{D1CE7E0B-4292-4D3C-BB53-79D3D91D8FC8}"
EndProject
Project("{FAE04EC0-301F-11D3-BF4B-00C04F79EFBC}") = "Discount.Grpc", "src\Services\Discount\Discount.Grpc\Discount.Grpc.csproj", "{BA5CB581-F790-441D-A75D-07F72CEFB284}"
EndProject
Project("{2150E333-8FDC-42A3-9474-1A3956D46DE8}") = "Ordering", "Ordering", "{7500B248-9C90-48ED-B98F-1606951F6C8D}"
EndProject
Project("{FAE04EC0-301F-11D3-BF4B-00C04F79EFBC}") = "Ordering.API", "src\Services\Ordering\Ordering.API\Ordering.API.csproj", "{D8FEF723-1A59-4EE0-AD2E-77AF9ED5F625}"
EndProject
Global
	GlobalSection(SolutionConfigurationPlatforms) = preSolution
		Debug|Any CPU = Debug|Any CPU
		Release|Any CPU = Release|Any CPU
	EndGlobalSection
	GlobalSection(NestedProjects) = preSolution
		{AC6524E3-C54B-448F-B3D2-D79B490A73F5} = {88CA5F96-C75D-4B37-BE79-8A504B16C7F5}
		{243EB7A7-0FA7-4C56-AD10-FB32B3591E71} = {AC6524E3-C54B-448F-B3D2-D79B490A73F5}
		{C70FA34D-BEA8-47B0-81DF-D35649B71E1D} = {C29425A4-2BCC-44AF-A779-C2C9415A7432}
		{8A55AFC5-7F63-4DF1-840E-6C1443A6D8B9} = {88CA5F96-C75D-4B37-BE79-8A504B16C7F5}
		{DF851C56-6C24-4691-B738-53CBED7D3FD5} = {8A55AFC5-7F63-4DF1-840E-6C1443A6D8B9}
		{D1CE7E0B-4292-4D3C-BB53-79D3D91D8FC8} = {88CA5F96-C75D-4B37-BE79-8A504B16C7F5}
		{BA5CB581-F790-441D-A75D-07F72CEFB284} = {D1CE7E0B-4292-4D3C-BB53-79D3D91D8FC8}
		{7500B248-9C90-48ED-B98F-1606951F6C8D} = {88CA5F96-C75D-4B37-BE79-8A504B16C7F5}
		{D8FEF723-1A59-4EE0-AD2E-77AF9ED5F625} = {7500B248-9C90-48ED-B98F-1606951F6C8D}
	EndGlobalSection
	GlobalSection(ProjectConfigurationPlatforms) = postSolution
		{243EB7A7-0FA7-4C56-AD10-FB32B3591E71}.Debug|Any CPU.ActiveCfg = Debug|Any CPU
		{243EB7A7-0FA7-4C56-AD10-FB32B3591E71}.Debug|Any CPU.Build.0 = Debug|Any CPU
		{243EB7A7-0FA7-4C56-AD10-FB32B3591E71}.Release|Any CPU.ActiveCfg = Release|Any CPU
		{243EB7A7-0FA7-4C56-AD10-FB32B3591E71}.Release|Any CPU.Build.0 = Release|Any CPU
		{C70FA34D-BEA8-47B0-81DF-D35649B71E1D}.Debug|Any CPU.ActiveCfg = Debug|Any CPU
		{C70FA34D-BEA8-47B0-81DF-D35649B71E1D}.Debug|Any CPU.Build.0 = Debug|Any CPU
		{C70FA34D-BEA8-47B0-81DF-D35649B71E1D}.Release|Any CPU.ActiveCfg = Release|Any CPU
		{C70FA34D-BEA8-47B0-81DF-D35649B71E1D}.Release|Any CPU.Build.0 = Release|Any CPU
		{DF851C56-6C24-4691-B738-53CBED7D3FD5}.Debug|Any CPU.ActiveCfg = Debug|Any CPU
		{DF851C56-6C24-4691-B738-53CBED7D3FD5}.Debug|Any CPU.Build.0 = Debug|Any CPU
		{DF851C56-6C24-4691-B738-53CBED7D3FD5}.Release|Any CPU.ActiveCfg = Release|Any CPU
		{DF851C56-6C24-4691-B738-53CBED7D3FD5}.Release|Any CPU.Build.0 = Release|Any CPU
		{BA5CB581-F790-441D-A75D-07F72CEFB284}.Debug|Any CPU.ActiveCfg = Debug|Any CPU
		{BA5CB581-F790-441D-A75D-07F72CEFB284}.Debug|Any CPU.Build.0 = Debug|Any CPU
		{BA5CB581-F790-441D-A75D-07F72CEFB284}.Release|Any CPU.ActiveCfg = Release|Any CPU
		{BA5CB581-F790-441D-A75D-07F72CEFB284}.Release|Any CPU.Build.0 = Release|Any CPU
		{D8FEF723-1A59-4EE0-AD2E-77AF9ED5F625}.Debug|Any CPU.ActiveCfg = Debug|Any CPU
		{D8FEF723-1A59-4EE0-AD2E-77AF9ED5F625}.Debug|Any CPU.Build.0 = Debug|Any CPU
		{D8FEF723-1A59-4EE0-AD2E-77AF9ED5F625}.Release|Any CPU.ActiveCfg = Release|Any CPU
		{D8FEF723-1A59-4EE0-AD2E-77AF9ED5F625}.Release|Any CPU.Build.0 = Release|Any CPU
	EndGlobalSection
EndGlobal
